{
  "projects": [
    {
      "projectId": "8PtdGodUbexNYgkuyBUcWu",
      "version": "3.27.0",
      "dependencies": {},
      "lang": "js",
      "fileLocks": [
        {
          "assetId": "8PtdGodUbexNYgkuyBUcWu",
          "type": "projectCss",
          "checksum": "9440f91b1e8169311ba244276a5922c3"
        },
        {
          "assetId": "8PtdGodUbexNYgkuyBUcWu",
          "checksum": "34a063f27f0b27a7d1d344bc6b5252c5",
          "type": "globalContexts"
        }
      ],
      "codegenVersion": "0.0.1"
    },
    {
      "projectId": "58GpZjZCWTaJ8AUhpCwt2K",
      "version": "3.28.0",
      "dependencies": {},
      "lang": "js",
      "fileLocks": [
        {
          "assetId": "58GpZjZCWTaJ8AUhpCwt2K",
          "type": "projectCss",
          "checksum": "f0469e206244772473ab64f50be898f9"
        }
      ],
      "codegenVersion": "0.0.1"
    },
    {
      "projectId": "enk3K4vZ6pmH6kVCoZJXGn",
      "version": "4.26.0",
      "dependencies": {},
      "lang": "js",
      "fileLocks": [
        {
          "assetId": "enk3K4vZ6pmH6kVCoZJXGn",
          "type": "projectCss",
          "checksum": "67c68b20701026439269d7beebecfc49"
        }
      ],
      "codegenVersion": "0.0.1"
    },
    {
      "projectId": "hTjBEP8FCGAAQfJ6SFrb1N",
      "version": "latest",
      "dependencies": {
        "enk3K4vZ6pmH6kVCoZJXGn": "4.26.0",
        "58GpZjZCWTaJ8AUhpCwt2K": "3.28.0",
        "8PtdGodUbexNYgkuyBUcWu": "3.27.0"
      },
      "lang": "js",
      "fileLocks": [
        {
          "type": "globalVariant",
          "assetId": "s3pJnunok0If",
          "checksum": "cfd98d2b35f4528e4c1fe9d18221975d"
        },
        {
          "assetId": "hTjBEP8FCGAAQfJ6SFrb1N",
          "checksum": "8e28692ff9eb23e020912130dc9dce8d",
          "type": "globalContexts"
        },
        {
          "type": "renderModule",
          "assetId": "PIsqyDu_Ruin",
          "checksum": "a6db271b558f1916a19793cba8530739"
        },
        {
          "type": "cssRules",
          "assetId": "PIsqyDu_Ruin",
          "checksum": "a6db271b558f1916a19793cba8530739"
        },
        {
          "type": "renderModule",
          "assetId": "zfnxKvaPCiJv",
          "checksum": "a6c1dde27dc2a96f56591e8536687a3e"
        },
        {
          "type": "cssRules",
          "assetId": "zfnxKvaPCiJv",
          "checksum": "a6c1dde27dc2a96f56591e8536687a3e"
        },
        {
          "type": "renderModule",
          "assetId": "TjJ0RyVEgYKE",
          "checksum": "1380fe4d98db6ba93289e3015d069042"
        },
        {
          "type": "cssRules",
          "assetId": "TjJ0RyVEgYKE",
          "checksum": "1380fe4d98db6ba93289e3015d069042"
        },
        {
          "type": "renderModule",
          "assetId": "K424EVBUHEQE",
          "checksum": "a8d3f7c52ee2bcf3f204fc2cd84f00ac"
        },
        {
          "type": "cssRules",
          "assetId": "K424EVBUHEQE",
          "checksum": "a8d3f7c52ee2bcf3f204fc2cd84f00ac"
        },
        {
          "type": "renderModule",
          "assetId": "Q0g8xwMS74XO",
          "checksum": "6d2e8aae36ceeb723cb9c13aa8601719"
        },
        {
          "type": "cssRules",
          "assetId": "Q0g8xwMS74XO",
          "checksum": "6d2e8aae36ceeb723cb9c13aa8601719"
        },
        {
          "type": "renderModule",
          "assetId": "UOzj8GARU_zl",
          "checksum": "7186462aa7a5a17913b183cf1c9e54c2"
        },
        {
          "type": "cssRules",
          "assetId": "UOzj8GARU_zl",
          "checksum": "7186462aa7a5a17913b183cf1c9e54c2"
        },
        {
          "type": "icon",
          "assetId": "3mFtCXVureiY",
          "checksum": "806bea71f874363edaad96ffb83761e7"
        },
        {
          "type": "icon",
          "assetId": "BMsLAt6Eoy53",
          "checksum": "24819f3a92458df92306db96e31c2c1a"
        },
        {
          "type": "icon",
          "assetId": "WRYs3KqD-BPE",
          "checksum": "af1cc57095b1ea5aca3db9d674f68b66"
        },
        {
          "type": "icon",
          "assetId": "JsS_eJRQr0w7",
          "checksum": "02f8c6011acc9c244681a29e00294685"
        },
        {
          "type": "icon",
          "assetId": "0fdYeS-tcKAa",
          "checksum": "57ad200490c931ff97112e871b2064c1"
        },
        {
          "type": "icon",
          "assetId": "loJD3JrtrjMS",
          "checksum": "f51ffdd4297293f2b1d9f05ffb0a99b2"
        },
        {
          "type": "icon",
          "assetId": "pGkrhMxAX96P",
          "checksum": "249c20cc3cde55c2d5b688998eee2a06"
        },
        {
          "type": "icon",
          "assetId": "WXvZbq33rYXu",
          "checksum": "24533499e273535137dd8dfeb3446df9"
        },
        {
          "type": "icon",
          "assetId": "Y14kqAEZ7mjy",
          "checksum": "0b793a1dd8a28672dd8180ee28f08ea4"
        },
        {
          "type": "icon",
          "assetId": "szsb1G0sCnY-",
          "checksum": "18c97fa28301b477dd53114f7b309a9a"
        },
        {
          "type": "icon",
          "assetId": "Di8UZDkswaj2",
          "checksum": "2505587d08c2dd1cd437a5dc0a70ea6b"
        },
        {
          "type": "icon",
          "assetId": "4y45yxIaCvCj",
          "checksum": "21fcd33b7061eb27e92137cc5fc76c0b"
        },
        {
          "type": "icon",
          "assetId": "R9w1cWygPjX_",
          "checksum": "a8ce7705667242e03d3d9952302b53b2"
        },
        {
          "type": "icon",
          "assetId": "kTzn8doSN5w-",
          "checksum": "4e2f4c95c543d8438578580de820c7cc"
        },
        {
          "type": "icon",
          "assetId": "aK3h-Hgy_pFA",
          "checksum": "de99fa8d3d928486165181d4ea34640b"
        },
        {
          "type": "image",
          "assetId": "k2_DrSdUK5ko",
          "checksum": "74e080d3dd885cd4189bcccae14360c2"
        },
        {
          "type": "image",
          "assetId": "hx-dVZQtaFTA",
          "checksum": "3f3105371b3f460e8575f39a308f8a52"
        },
        {
          "type": "image",
          "assetId": "YV6qz4wZdW9P",
          "checksum": "edb308f10c3b7817412847d29880ae01"
        },
        {
          "type": "image",
          "assetId": "gAN6bZr0uEsq",
          "checksum": "d67d0923cf11bfe39be3396d7a6b44cc"
        },
        {
          "type": "image",
          "assetId": "HmjETCiwqZJj",
          "checksum": "7b009af770c979546773728e100a75c7"
        },
        {
          "type": "image",
          "assetId": "TlsNTTamDbhK",
          "checksum": "cee79fc4a5bf8bb9d4f312ec64250935"
        },
        {
          "type": "image",
          "assetId": "ofkPYl8c0fhb",
          "checksum": "a0d5efa628c83d5a7234725ac96d8c7f"
        },
        {
          "type": "image",
          "assetId": "C-2FYyF_Bu0J",
          "checksum": "dc0f3254ec8ba2f545d6cf157f24380b"
        },
        {
          "type": "image",
          "assetId": "qI4DiVr5QDog",
          "checksum": "d438d3ed85ef1eb4fcd1b99759e641a5"
        },
        {
          "type": "image",
          "assetId": "82adjJ8KxaHM",
          "checksum": "10aa61d50be757021b7becd3ff259ab6"
        },
        {
          "type": "image",
          "assetId": "QGNIGBvjdzF6",
          "checksum": "943682f39a7f4f3999d96872c0c8c458"
        },
        {
          "type": "image",
          "assetId": "AJow0F-2AB2X",
          "checksum": "e449aa4f9a1303a7569973a8ac67b8a9"
        },
        {
          "type": "image",
          "assetId": "cuofqSSTxltL",
          "checksum": "ec470b5ab18ee6517b21ae31c033251a"
        },
        {
          "type": "image",
          "assetId": "gJxzuc_Pp-_0",
          "checksum": "15ef55847f9aa9f062a14a80675f5073"
        },
        {
          "type": "image",
          "assetId": "WuDTaYk99WDl",
          "checksum": "0d77d98726729245ca24938b2341c080"
        },
        {
          "type": "image",
          "assetId": "BQffN87YMCqp",
          "checksum": "fe7e099d23939d9f00f73bc5a5e2f0fa"
        },
        {
          "type": "image",
          "assetId": "TzNDVnlu82B6",
          "checksum": "06ef789f24b43a30db04295fb65217b5"
        },
        {
          "type": "image",
          "assetId": "TNHOIgqhJLky",
          "checksum": "fbf6b232c6255d652b2e469bcdbd2602"
        },
        {
          "type": "image",
          "assetId": "RjaOlZJNk-AK",
          "checksum": "c3adbd4c977c3c0b65ad88b640b98fd5"
        },
        {
          "type": "image",
          "assetId": "6JjD-MjK7umW",
          "checksum": "df20a8dbb5d32c2bcbe4f986bfec4830"
        },
        {
          "type": "image",
          "assetId": "qAMZaz54DOnz",
          "checksum": "ebfc5c699717df4606a4d1961a44e738"
        },
        {
          "type": "image",
          "assetId": "rntoMlKzziBV",
          "checksum": "45aa18defb974bbc849c32d251ce9c4e"
        },
        {
          "type": "image",
          "assetId": "Sgj_DShjjggS",
          "checksum": "90b7d98f51eb610545bead0d34ad4d6f"
        },
        {
          "type": "image",
          "assetId": "-FS9hCKqvDRK",
          "checksum": "f7bbd81d50934875c8b30c384aa9831e"
        },
        {
          "type": "image",
          "assetId": "dt_CcDUBFWnQ",
          "checksum": "2948b2c2096a900468adf9929544bf32"
        },
        {
          "type": "image",
          "assetId": "sj7eTvUZcLFQ",
          "checksum": "7359a5f49eb9286558143bc838b06df4"
        },
        {
          "type": "image",
          "assetId": "b_veZ9wngucr",
          "checksum": "54535242a232027b52a602e8ae50f489"
        },
        {
          "type": "image",
          "assetId": "O1IYLcW_qccm",
          "checksum": "29418ad891d453b397f90dabd844d10b"
        },
        {
          "type": "image",
          "assetId": "iDd1jiqh5kzj",
          "checksum": "b94f4eb5381f99fdbcdc51b4c4531bda"
        },
        {
          "type": "image",
          "assetId": "PHQVe9kUEWN2",
          "checksum": "bad1aa156d442f7f5bd5a62136b78104"
        },
        {
          "type": "image",
          "assetId": "paG3n1MXT4pv",
          "checksum": "81289b5378f979b9ce77574dc2c493eb"
        },
        {
          "type": "image",
          "assetId": "75NrO5Sdbhyr",
          "checksum": "8d96007785d7c45e30a4b5b7aba41e8e"
        },
        {
          "type": "image",
          "assetId": "L6sLblojoHfp",
          "checksum": "32c8077f4e51da01f37aedbf09154023"
        },
        {
          "type": "image",
          "assetId": "1gdcn7p72opj",
          "checksum": "ff33fb6fd8ddbdaad0224eea44f91f37"
        },
        {
          "type": "image",
          "assetId": "3IVbuwos4qLs",
          "checksum": "523b2b9961e9e4d3d5231938220e511a"
        },
        {
          "type": "image",
          "assetId": "VXM3sqyaSBIq",
          "checksum": "a85f86e6336417637e65d8282010a237"
        },
        {
          "type": "image",
          "assetId": "D_-Gbd7S8iOp",
          "checksum": "c2e82954048987157a477cb14d018176"
        },
        {
          "type": "image",
          "assetId": "e2zlf0Ggvovi",
          "checksum": "c2035e3f60eeffe71e9551c42732d5bf"
        },
        {
          "type": "image",
          "assetId": "DCNWMY-sbMi0",
          "checksum": "efea01cf16fe9e44584b52b801bbec2c"
        },
        {
          "type": "image",
          "assetId": "XzL3UAufEBXm",
          "checksum": "ffd4c8b6720c55268e786729e0fe1ef9"
        },
        {
          "type": "image",
          "assetId": "3V9xcY0H2fV_",
          "checksum": "dc21fb38bb6dd54e9667a5588e3e368b"
        },
        {
          "type": "image",
          "assetId": "k2d1-VH3r5kH",
          "checksum": "9cb2ccd3e348b9eac96510a747886030"
        },
        {
          "type": "image",
          "assetId": "A_CZxQdB0HHP",
          "checksum": "6a19b8f7cae126dc951bd2a8728cb683"
        },
        {
          "type": "image",
          "assetId": "z_zyBSOt3k0k",
          "checksum": "1a085bd7366c17300e4aa65f6cfa5280"
        },
        {
          "type": "image",
          "assetId": "zY15Vgwhc1HM",
          "checksum": "dd2455d3195c37ea3d40aa5b4fb5fa13"
        },
        {
          "type": "image",
          "assetId": "hdfO0zjtxRz3",
          "checksum": "847fed4f4a6513d6afc231615368bca1"
        },
        {
          "type": "image",
          "assetId": "d6rqSUT5t0QR",
          "checksum": "55b85e4a365da36942fd9487139a19ef"
        },
        {
          "type": "image",
          "assetId": "JcAHJP2U5BSy",
          "checksum": "c7759de3161d75db82ef575f0c5220ee"
        },
        {
          "type": "image",
          "assetId": "X2I8Cferb5ht",
          "checksum": "ff17abe220e055336185380a029659cc"
        },
        {
          "type": "image",
          "assetId": "4IpTbNl1KrGk",
          "checksum": "6350d4ca2ba909413c7af1812e30b2b5"
        },
        {
          "type": "image",
          "assetId": "oSgsns6fE379",
          "checksum": "f014618e4a83bc4040ec332a924d5116"
        },
        {
          "type": "image",
          "assetId": "y2Uq6mPXaFd2",
          "checksum": "a6fdc6e7eeea98fa60ecc0c7dda69483"
        },
        {
          "assetId": "hTjBEP8FCGAAQfJ6SFrb1N",
          "type": "projectCss",
          "checksum": "07424509349ee6aef687a20bfcac7827"
        },
        {
          "type": "renderModule",
          "assetId": "2KcRj706Rm5c",
          "checksum": "5590f7d7820f6d234773b537385a7688"
        },
        {
          "type": "cssRules",
          "assetId": "2KcRj706Rm5c",
          "checksum": "5590f7d7820f6d234773b537385a7688"
        },
        {
          "type": "icon",
          "assetId": "W2HFzpOwdqce",
          "checksum": "c461e0354e96c163f5e12136734d2a03"
        },
        {
          "type": "icon",
          "assetId": "yGeZ-s5rOnU0",
          "checksum": "37f9e9d5efbd606e1949cfe97ffcd935"
        },
        {
          "type": "icon",
          "assetId": "ul5DnMsSrAQb",
          "checksum": "4e962f3262e43366a36ac48e3ee6de49"
        },
        {
          "type": "icon",
          "assetId": "fDUK-JdA9EO4",
          "checksum": "f0ef5cf8aa2d377d814f1a5eb9d102bc"
        },
        {
          "type": "icon",
          "assetId": "iGb0fTevySyo",
          "checksum": "e41c0a9852252f774e9403f4cb490df7"
        },
        {
          "type": "icon",
          "assetId": "SEGyUDM_EGI-",
          "checksum": "cadb4d5007a524f60721a9b3f5169cfe"
        },
        {
          "type": "icon",
          "assetId": "g8e9GWENBsgv",
          "checksum": "577341088f81fd638ae8fb9326b717e8"
        },
        {
          "type": "icon",
          "assetId": "xzo0_dmQlLwN",
          "checksum": "e10f4ae1555414da41d5c85f16f7e65e"
        },
        {
          "type": "icon",
          "assetId": "fLtUsTTI5yHa",
          "checksum": "b382bcc0b4f865179422359e45ff4fd8"
        },
        {
          "type": "icon",
          "assetId": "yhjMUY6dkMFP",
          "checksum": "fc631bca571c3070d8f505c884b9b0eb"
        },
        {
          "type": "icon",
          "assetId": "2X7KubEfpcHh",
          "checksum": "b9357f4dcfe32fbb9941631b1ed05335"
        },
        {
          "type": "icon",
          "assetId": "tGgCtbnu-8NW",
          "checksum": "f8d7a86a585a31cd3c664b95c0795146"
        },
        {
          "type": "icon",
          "assetId": "L3tamVLB3bJG",
          "checksum": "b82d17adf862ae8ae0747b5e03c43cda"
        },
        {
          "type": "icon",
          "assetId": "Aaip6d_DqZS5",
          "checksum": "cffb65792897c68813151204090b43c1"
        },
        {
          "type": "icon",
          "assetId": "dgwCxY_knom7",
          "checksum": "04bb0294e737c2c297d9fa92a6674f02"
        },
        {
          "type": "icon",
          "assetId": "GCqxroTifGWr",
          "checksum": "cf1597bf59cca02c25f37b43506fdf46"
        },
        {
          "type": "icon",
          "assetId": "4HuKEulYjb7f",
          "checksum": "8c81bff267430821d9d799283d2984da"
        },
        {
          "type": "icon",
          "assetId": "FQ_3Ef6PBLVC",
          "checksum": "e9950ac914ae7681d67839cca414c40f"
        },
        {
          "type": "icon",
          "assetId": "kdxRsJfEzR17",
          "checksum": "9b7af9177f81657051e69c1a951b0093"
        },
        {
          "type": "icon",
          "assetId": "-JmfA3CVHveC",
          "checksum": "60e1caa6fb61659706b77a1c02e49ab7"
        },
        {
          "type": "icon",
          "assetId": "zECFig-QyOe5",
          "checksum": "e79b2773948c237f2b1da8aeac662cd6"
        },
        {
          "type": "icon",
          "assetId": "sHXhIs4gNe4K",
          "checksum": "c15d07192125aad724de79e7549c527b"
        },
        {
          "type": "icon",
          "assetId": "5B11y1nrA79r",
          "checksum": "19329ae1bf85cb6b2ac35341ebab5118"
        },
        {
          "type": "icon",
          "assetId": "QkB0lGPip1tj",
          "checksum": "9baa9089488b368f936515f53ea5b838"
        },
        {
          "type": "icon",
          "assetId": "FtuMCWMgEQ4z",
          "checksum": "3af1778da6d313e25617ae6464e7d685"
        },
        {
          "type": "icon",
          "assetId": "vcA2kh1lpMR6",
          "checksum": "210ada4248a9bc20f3ef8ad661042c26"
        },
        {
          "type": "icon",
          "assetId": "9GJs4Ccipu17",
          "checksum": "64f864eec40889fdb2240366e2c800e5"
        },
        {
          "type": "icon",
          "assetId": "RZRiTOB0E-FT",
          "checksum": "e8214fc3a45664c832f775c474ee29cf"
        },
        {
          "type": "icon",
          "assetId": "H9gk9dImr0a0",
          "checksum": "68a89c8dd3af13976750c742598a1338"
        },
        {
          "type": "icon",
          "assetId": "jLLSVqoHiC6N",
          "checksum": "6720a49e5946dbfc0526ab8ba5fec900"
        },
        {
          "type": "icon",
          "assetId": "he6yiIlRqZUr",
          "checksum": "20ea59630310098bae8e40433a009a83"
        },
        {
          "type": "icon",
          "assetId": "twlJ2UnswVvj",
          "checksum": "9d7b6adf94762099ee9999737713407b"
        },
        {
          "type": "icon",
          "assetId": "rNRsjjxblg45",
          "checksum": "50722e04da972fdf64ec2f1c6a4f82fd"
        },
        {
          "type": "icon",
          "assetId": "1z_A-4KV7MZn",
          "checksum": "7209cc84a60d929e568feb6df1798ad2"
        },
        {
          "type": "icon",
          "assetId": "dmkTq6JoIWwo",
          "checksum": "326d99aef44f93f986252e7413a4e318"
        },
        {
          "type": "icon",
          "assetId": "AK6i4wiqBo-0",
          "checksum": "548a2c9c3a506beef10e14c90b0ccb15"
        },
        {
          "type": "icon",
          "assetId": "jEwXs7bLtNQ1",
          "checksum": "10de96e53baab80363985c864995fdd9"
        },
        {
          "type": "icon",
          "assetId": "y70BsduIIRyE",
          "checksum": "3e5059a760e5095511fe66e304770167"
        },
        {
          "type": "icon",
          "assetId": "TJ5NxiRuxsGi",
          "checksum": "8d1a3703b415f1b3e13bd1b679dafcf1"
        },
        {
          "type": "icon",
          "assetId": "326h57HV9h9K",
          "checksum": "1d68e6993d736e9aaed27781e974fd4c"
        },
        {
          "type": "icon",
          "assetId": "HSiQt_PXbQgG",
          "checksum": "83e684c13748d7e2b98f7076c2d038aa"
        },
        {
          "type": "icon",
          "assetId": "ad-seYyUti72",
          "checksum": "e82abd2e0ea13e9c3e71482d7b083dd4"
        },
        {
          "type": "icon",
          "assetId": "IiFuMFFCVJyl",
          "checksum": "ca39e270303ffa628ed3ff46e046757e"
        },
        {
          "type": "icon",
          "assetId": "1XDq9Fn4N8GI",
          "checksum": "e181c89d8595fe1852d77454c3a6148b"
        },
        {
          "type": "icon",
          "assetId": "h878HneKAXmU",
          "checksum": "d4e00f93d30ac40593f064c314558eb2"
        },
        {
          "type": "icon",
          "assetId": "b1tbi1ajGlxZ",
          "checksum": "96c31940b5de5d21f98aae016995be0d"
        },
        {
          "type": "icon",
          "assetId": "PwqZQ58vZE_Y",
          "checksum": "9a68ae94805f62b45b86c36c8f8c2eac"
        },
        {
          "type": "icon",
          "assetId": "0oNmKgIMSNOk",
          "checksum": "c8da536e59f0ccb000c5b0cdbf707bd6"
        },
        {
          "type": "icon",
          "assetId": "I0n_LZ3y4iZg",
          "checksum": "472e92ec5d68e17d56cd2caee073463e"
        },
        {
          "type": "icon",
          "assetId": "G26fioMIxygy",
          "checksum": "661112be6123b437c5229dde1302a73d"
        },
        {
          "type": "icon",
          "assetId": "g_khySG4PPEE",
          "checksum": "c4d59523e6e04c130cb50d0ee1ff414d"
        },
        {
          "type": "icon",
          "assetId": "b1rOrRteEq3q",
          "checksum": "fef0e573a84bd50e72da64d12c6f3608"
        },
        {
          "type": "icon",
          "assetId": "0oxZrq_3KJko",
          "checksum": "8a67ffa881421e825730c32a56ff23b7"
        },
        {
          "type": "icon",
          "assetId": "09PXUo6Av9EC",
          "checksum": "a8f88de582caca2a57df408eda17258e"
        },
        {
          "type": "icon",
          "assetId": "54od7j806Hfk",
          "checksum": "fd66666f718395b9432a239f1d5f64b9"
        },
        {
          "type": "icon",
          "assetId": "lbU2ngitQyRW",
          "checksum": "d02230061de1b42eececa028938a7b66"
        },
        {
          "type": "icon",
          "assetId": "wxTQPsV8M_Zl",
          "checksum": "fc41efb8e351b4397e6d500a56816139"
        },
        {
          "type": "icon",
          "assetId": "vHFE02ySE6T2",
          "checksum": "63bf21e8eb55fad2498c8b4060ef3990"
        },
        {
          "type": "icon",
          "assetId": "wNVkybjLcloK",
          "checksum": "2c2be9df88754b23bf1a031c90e6e6de"
        },
        {
          "type": "icon",
          "assetId": "boqqkoZQ6nfg",
          "checksum": "850212c82260532abd4353e9cb907b6e"
        },
        {
          "type": "icon",
          "assetId": "2_tLXlS296x-",
          "checksum": "a49de9b6ada0cc8c24c72702f4984567"
        },
        {
          "type": "icon",
          "assetId": "q1JGG8xdR40l",
          "checksum": "ea432e8fbdd0ec2409a60c8b0be30126"
        },
        {
          "type": "icon",
          "assetId": "tx1KjpgdvKrK",
          "checksum": "afe9e8ef9683b055aa4c0177f7d563dc"
        },
        {
          "type": "icon",
          "assetId": "SK2XZqzsIpnL",
          "checksum": "9852a81c979372f1a3290391bbc25976"
        },
        {
          "type": "icon",
          "assetId": "PWUwkd87ZbnW",
          "checksum": "d2e4c235b010b44f71224452fa0187e4"
        },
        {
          "type": "icon",
          "assetId": "TT71OMKDZNCH",
          "checksum": "016dae2890177a7154566daf2c64b4da"
        },
        {
          "type": "icon",
          "assetId": "gpkVxN-CY4K6",
          "checksum": "94a136d327b2902aee6fec2debd9c08c"
        },
        {
          "type": "icon",
          "assetId": "06EB7_jMeHCD",
          "checksum": "587d961269504ded434f94d310abee06"
        },
        {
          "type": "icon",
          "assetId": "4Px70-TiUD3A",
          "checksum": "9f3b4da05f278e6ae4ba67c66eba7210"
        },
        {
          "type": "icon",
          "assetId": "OUXp9cWeFlgS",
          "checksum": "8465e4e24ea51dcac2755b95f6d69d6f"
        },
        {
          "type": "icon",
          "assetId": "X5J9sP9SsZsW",
          "checksum": "ed0f6b38d88cf9a7ec95d6014767ee28"
        },
        {
          "type": "icon",
          "assetId": "FODdJIvElhnj",
          "checksum": "bae81ef0fdd60e8714215c141421c518"
        },
        {
          "type": "icon",
          "assetId": "XmFVlf_X0L4d",
          "checksum": "bac136c0ec9606726e0a5760c71bc3a9"
        },
        {
          "type": "image",
          "assetId": "GQSE5blUz0iy",
          "checksum": "91749fa484630798a45befd15ee5506a"
        },
        {
          "type": "image",
          "assetId": "hejBENh8FwyN",
          "checksum": "2c70b99bcef5a49c9830324c6089a74e"
        },
        {
          "type": "image",
          "assetId": "a6TLd0eNA8zo",
          "checksum": "a1b4fa7beee0ca0f759a61ebe0700d7d"
        },
        {
          "type": "image",
          "assetId": "A3p2ehDGR4F5",
          "checksum": "48fd0c07862a46ea93e0a9ce40076304"
        },
        {
          "type": "image",
          "assetId": "tGbOv8Y8O6cI",
          "checksum": "a682f6fef71001444692816611f35be3"
        },
        {
          "type": "image",
          "assetId": "iXWox6iGsJp0",
          "checksum": "3b5f7eb72f95bfb236a477d862f11b75"
        },
        {
          "type": "image",
          "assetId": "_Al0Pm6nl3Q0",
          "checksum": "66b0f69964b2464fde6860e7574a175b"
        },
        {
          "type": "image",
          "assetId": "bujVABLVN1iK",
          "checksum": "74a16e23a44440a36ba6c5f1a5b6e3d0"
        },
        {
          "type": "image",
          "assetId": "_j41hiWi4I1R",
          "checksum": "85ecb7d61f6d1692a5747cf20f4c7f9d"
        },
        {
          "type": "image",
          "assetId": "hR5zDQ3V0rUi",
          "checksum": "7c63187b992966099bcc834abc4c730b"
        },
        {
          "type": "image",
          "assetId": "AZW327XrNPyS",
          "checksum": "2a4f169a12b2944c3d52146da60e796a"
        },
        {
          "type": "image",
          "assetId": "L1Jh_h91ikFu",
          "checksum": "9b60c4b51c86dac5ec6d6a07434c69a5"
        },
        {
          "type": "image",
          "assetId": "L0SUyj2aMkmM",
          "checksum": "2a2894fbe30a0c1dbede9cf5412983f7"
        },
        {
          "type": "image",
          "assetId": "Vf3XJrxOPyHc",
          "checksum": "52cce014199db2a4a21a54ec4f8aa205"
        },
        {
          "type": "image",
          "assetId": "RPHxWKFxkuK1",
          "checksum": "7403cbfdb79218c4cc119804cf2462c1"
        },
        {
          "type": "image",
          "assetId": "kXRpSgzIMPVz",
          "checksum": "b00d1f0640e9a88f087542644b5ff41b"
        },
        {
          "type": "image",
          "assetId": "WmwntcMOAkht",
          "checksum": "15d05270da8c811e1b1a969890f4da2f"
        },
        {
          "type": "image",
          "assetId": "u1aYLKBiT2yG",
          "checksum": "ad8317fb81d7066d4b7c6a5b998b58d8"
        },
        {
          "type": "image",
          "assetId": "OfxC-6XxfCNb",
          "checksum": "101f651d6463f5ef7d0e9e2e7c27f1d6"
        },
        {
          "type": "image",
          "assetId": "R1rP6meDWcks",
          "checksum": "72b8fbb8dcc8086c618d8d5155c2f664"
        },
        {
          "type": "image",
          "assetId": "Bnd1A1TvdBal",
          "checksum": "1da5325e148f09ec748c5d267ef04446"
        },
        {
          "type": "image",
          "assetId": "9RQN_-QfR0G5",
          "checksum": "8be47aec20bda2fb6eb9190e71067cf2"
        },
        {
          "type": "image",
          "assetId": "3I8AIc9hnfGn",
          "checksum": "da97ad3d9367f72280b095abd5b67484"
        },
        {
          "type": "image",
          "assetId": "-Y9ysg3nA4Vj",
          "checksum": "b7288ab5a01d9907851c87039c2896e9"
        },
        {
          "type": "image",
          "assetId": "qWkDB7R-slu9",
          "checksum": "b9ffa069fb0189185a244a8d8ca384b2"
        },
        {
          "type": "image",
          "assetId": "oFujCWcLvjIK",
          "checksum": "5bcfbd7d0d31eadd597d4546e85797b8"
        },
        {
          "type": "image",
          "assetId": "IgNkg84-JVXV",
          "checksum": "59006bb6baaed3f8cd019b0e067151ba"
        },
        {
          "type": "image",
          "assetId": "bgAglz58uMel",
          "checksum": "9b0ef849adb8ad518976a820ab5def9a"
        },
        {
          "type": "image",
          "assetId": "yEnNpmm26x0o",
          "checksum": "16b28367eee14f7395cf621f60f555b6"
        },
        {
          "type": "image",
          "assetId": "GhGL9e3R0VgM",
          "checksum": "b69582d0c8001a2532ee9aea0f2d0b10"
        },
        {
          "type": "image",
          "assetId": "a3Nq59mcEhBN",
          "checksum": "3840bb76aab64a34a783f52794ae1bca"
        },
        {
          "type": "image",
          "assetId": "dHW2rMXEZ-Sd",
          "checksum": "dff4510ed7fde105583315fe6be51726"
        }
      ],
      "codegenVersion": "0.0.1"
    }
  ],
  "cliVersion": "0.1.334"
}
