{
  "projects": [
    {
      "projectId": "8PtdGodUbexNYgkuyBUcWu",
      "version": "3.27.0",
      "dependencies": {},
      "lang": "js",
      "fileLocks": [
        {
          "assetId": "8PtdGodUbexNYgkuyBUcWu",
          "type": "projectCss",
          "checksum": "9440f91b1e8169311ba244276a5922c3"
        },
        {
          "assetId": "8PtdGodUbexNYgkuyBUcWu",
          "checksum": "34a063f27f0b27a7d1d344bc6b5252c5",
          "type": "globalContexts"
        }
      ],
      "codegenVersion": "0.0.1"
    },
    {
      "projectId": "58GpZjZCWTaJ8AUhpCwt2K",
      "version": "3.28.0",
      "dependencies": {},
      "lang": "js",
      "fileLocks": [
        {
          "assetId": "58GpZjZCWTaJ8AUhpCwt2K",
          "type": "projectCss",
          "checksum": "f0469e206244772473ab64f50be898f9"
        }
      ],
      "codegenVersion": "0.0.1"
    },
    {
      "projectId": "enk3K4vZ6pmH6kVCoZJXGn",
      "version": "4.26.0",
      "dependencies": {},
      "lang": "js",
      "fileLocks": [
        {
          "assetId": "enk3K4vZ6pmH6kVCoZJXGn",
          "type": "projectCss",
          "checksum": "67c68b20701026439269d7beebecfc49"
        }
      ],
      "codegenVersion": "0.0.1"
    },
    {
      "projectId": "hTjBEP8FCGAAQfJ6SFrb1N",
      "version": "latest",
      "dependencies": {
        "enk3K4vZ6pmH6kVCoZJXGn": "4.26.0",
        "58GpZjZCWTaJ8AUhpCwt2K": "3.28.0",
        "8PtdGodUbexNYgkuyBUcWu": "3.27.0"
      },
      "lang": "js",
      "fileLocks": [
        {
          "type": "globalVariant",
          "assetId": "s3pJnunok0If",
          "checksum": "cfd98d2b35f4528e4c1fe9d18221975d"
        },
        {
          "assetId": "hTjBEP8FCGAAQfJ6SFrb1N",
          "type": "projectCss",
          "checksum": "f43ede50e449b464befb2fa2c8151f2e"
        },
        {
          "assetId": "hTjBEP8FCGAAQfJ6SFrb1N",
          "checksum": "8e28692ff9eb23e020912130dc9dce8d",
          "type": "globalContexts"
        },
        {
          "type": "renderModule",
          "assetId": "PIsqyDu_Ruin",
          "checksum": "f23cbcf66713756210aea4ff05998de4"
        },
        {
          "type": "cssRules",
          "assetId": "PIsqyDu_Ruin",
          "checksum": "f23cbcf66713756210aea4ff05998de4"
        },
        {
          "type": "renderModule",
          "assetId": "zfnxKvaPCiJv",
          "checksum": "8f5f9305264718c68cc097f7fcced750"
        },
        {
          "type": "cssRules",
          "assetId": "zfnxKvaPCiJv",
          "checksum": "8f5f9305264718c68cc097f7fcced750"
        },
        {
          "type": "renderModule",
          "assetId": "TjJ0RyVEgYKE",
          "checksum": "1380fe4d98db6ba93289e3015d069042"
        },
        {
          "type": "cssRules",
          "assetId": "TjJ0RyVEgYKE",
          "checksum": "1380fe4d98db6ba93289e3015d069042"
        },
        {
          "type": "renderModule",
          "assetId": "K424EVBUHEQE",
          "checksum": "5cfa843d664fc3a93b96dfa1791ed434"
        },
        {
          "type": "cssRules",
          "assetId": "K424EVBUHEQE",
          "checksum": "5cfa843d664fc3a93b96dfa1791ed434"
        },
        {
          "type": "renderModule",
          "assetId": "Q0g8xwMS74XO",
          "checksum": "7d61984e8397c1788b0ff5f368b5c3e1"
        },
        {
          "type": "cssRules",
          "assetId": "Q0g8xwMS74XO",
          "checksum": "7d61984e8397c1788b0ff5f368b5c3e1"
        },
        {
          "type": "renderModule",
          "assetId": "UOzj8GARU_zl",
          "checksum": "db2180e816f1f84d95dd65ff55ce7b52"
        },
        {
          "type": "cssRules",
          "assetId": "UOzj8GARU_zl",
          "checksum": "db2180e816f1f84d95dd65ff55ce7b52"
        },
        {
          "type": "icon",
          "assetId": "3mFtCXVureiY",
          "checksum": "806bea71f874363edaad96ffb83761e7"
        },
        {
          "type": "icon",
          "assetId": "BMsLAt6Eoy53",
          "checksum": "24819f3a92458df92306db96e31c2c1a"
        },
        {
          "type": "icon",
          "assetId": "WRYs3KqD-BPE",
          "checksum": "af1cc57095b1ea5aca3db9d674f68b66"
        },
        {
          "type": "icon",
          "assetId": "JsS_eJRQr0w7",
          "checksum": "02f8c6011acc9c244681a29e00294685"
        },
        {
          "type": "icon",
          "assetId": "0fdYeS-tcKAa",
          "checksum": "57ad200490c931ff97112e871b2064c1"
        },
        {
          "type": "icon",
          "assetId": "loJD3JrtrjMS",
          "checksum": "f51ffdd4297293f2b1d9f05ffb0a99b2"
        },
        {
          "type": "icon",
          "assetId": "pGkrhMxAX96P",
          "checksum": "249c20cc3cde55c2d5b688998eee2a06"
        },
        {
          "type": "icon",
          "assetId": "WXvZbq33rYXu",
          "checksum": "24533499e273535137dd8dfeb3446df9"
        },
        {
          "type": "icon",
          "assetId": "Y14kqAEZ7mjy",
          "checksum": "0b793a1dd8a28672dd8180ee28f08ea4"
        },
        {
          "type": "icon",
          "assetId": "szsb1G0sCnY-",
          "checksum": "18c97fa28301b477dd53114f7b309a9a"
        },
        {
          "type": "icon",
          "assetId": "Di8UZDkswaj2",
          "checksum": "2505587d08c2dd1cd437a5dc0a70ea6b"
        },
        {
          "type": "icon",
          "assetId": "4y45yxIaCvCj",
          "checksum": "21fcd33b7061eb27e92137cc5fc76c0b"
        },
        {
          "type": "icon",
          "assetId": "R9w1cWygPjX_",
          "checksum": "a8ce7705667242e03d3d9952302b53b2"
        },
        {
          "type": "icon",
          "assetId": "kTzn8doSN5w-",
          "checksum": "4e2f4c95c543d8438578580de820c7cc"
        },
        {
          "type": "icon",
          "assetId": "aK3h-Hgy_pFA",
          "checksum": "de99fa8d3d928486165181d4ea34640b"
        },
        {
          "type": "image",
          "assetId": "k2_DrSdUK5ko",
          "checksum": "74e080d3dd885cd4189bcccae14360c2"
        },
        {
          "type": "image",
          "assetId": "hx-dVZQtaFTA",
          "checksum": "3f3105371b3f460e8575f39a308f8a52"
        },
        {
          "type": "image",
          "assetId": "YV6qz4wZdW9P",
          "checksum": "edb308f10c3b7817412847d29880ae01"
        },
        {
          "type": "image",
          "assetId": "gAN6bZr0uEsq",
          "checksum": "d67d0923cf11bfe39be3396d7a6b44cc"
        },
        {
          "type": "image",
          "assetId": "HmjETCiwqZJj",
          "checksum": "7b009af770c979546773728e100a75c7"
        },
        {
          "type": "image",
          "assetId": "TlsNTTamDbhK",
          "checksum": "cee79fc4a5bf8bb9d4f312ec64250935"
        },
        {
          "type": "image",
          "assetId": "ofkPYl8c0fhb",
          "checksum": "a0d5efa628c83d5a7234725ac96d8c7f"
        },
        {
          "type": "image",
          "assetId": "C-2FYyF_Bu0J",
          "checksum": "dc0f3254ec8ba2f545d6cf157f24380b"
        },
        {
          "type": "image",
          "assetId": "qI4DiVr5QDog",
          "checksum": "d438d3ed85ef1eb4fcd1b99759e641a5"
        },
        {
          "type": "image",
          "assetId": "82adjJ8KxaHM",
          "checksum": "10aa61d50be757021b7becd3ff259ab6"
        },
        {
          "type": "image",
          "assetId": "QGNIGBvjdzF6",
          "checksum": "943682f39a7f4f3999d96872c0c8c458"
        },
        {
          "type": "image",
          "assetId": "AJow0F-2AB2X",
          "checksum": "e449aa4f9a1303a7569973a8ac67b8a9"
        },
        {
          "type": "image",
          "assetId": "cuofqSSTxltL",
          "checksum": "ec470b5ab18ee6517b21ae31c033251a"
        },
        {
          "type": "image",
          "assetId": "gJxzuc_Pp-_0",
          "checksum": "15ef55847f9aa9f062a14a80675f5073"
        },
        {
          "type": "image",
          "assetId": "WuDTaYk99WDl",
          "checksum": "0d77d98726729245ca24938b2341c080"
        },
        {
          "type": "image",
          "assetId": "BQffN87YMCqp",
          "checksum": "fe7e099d23939d9f00f73bc5a5e2f0fa"
        },
        {
          "type": "image",
          "assetId": "TzNDVnlu82B6",
          "checksum": "06ef789f24b43a30db04295fb65217b5"
        },
        {
          "type": "image",
          "assetId": "TNHOIgqhJLky",
          "checksum": "fbf6b232c6255d652b2e469bcdbd2602"
        },
        {
          "type": "image",
          "assetId": "RjaOlZJNk-AK",
          "checksum": "c3adbd4c977c3c0b65ad88b640b98fd5"
        },
        {
          "type": "image",
          "assetId": "6JjD-MjK7umW",
          "checksum": "df20a8dbb5d32c2bcbe4f986bfec4830"
        },
        {
          "type": "image",
          "assetId": "qAMZaz54DOnz",
          "checksum": "ebfc5c699717df4606a4d1961a44e738"
        },
        {
          "type": "image",
          "assetId": "rntoMlKzziBV",
          "checksum": "45aa18defb974bbc849c32d251ce9c4e"
        },
        {
          "type": "image",
          "assetId": "Sgj_DShjjggS",
          "checksum": "90b7d98f51eb610545bead0d34ad4d6f"
        },
        {
          "type": "image",
          "assetId": "-FS9hCKqvDRK",
          "checksum": "f7bbd81d50934875c8b30c384aa9831e"
        },
        {
          "type": "image",
          "assetId": "dt_CcDUBFWnQ",
          "checksum": "2948b2c2096a900468adf9929544bf32"
        },
        {
          "type": "image",
          "assetId": "sj7eTvUZcLFQ",
          "checksum": "7359a5f49eb9286558143bc838b06df4"
        },
        {
          "type": "image",
          "assetId": "b_veZ9wngucr",
          "checksum": "54535242a232027b52a602e8ae50f489"
        },
        {
          "type": "image",
          "assetId": "O1IYLcW_qccm",
          "checksum": "29418ad891d453b397f90dabd844d10b"
        },
        {
          "type": "image",
          "assetId": "iDd1jiqh5kzj",
          "checksum": "b94f4eb5381f99fdbcdc51b4c4531bda"
        },
        {
          "type": "image",
          "assetId": "PHQVe9kUEWN2",
          "checksum": "bad1aa156d442f7f5bd5a62136b78104"
        },
        {
          "type": "image",
          "assetId": "paG3n1MXT4pv",
          "checksum": "81289b5378f979b9ce77574dc2c493eb"
        },
        {
          "type": "image",
          "assetId": "75NrO5Sdbhyr",
          "checksum": "8d96007785d7c45e30a4b5b7aba41e8e"
        },
        {
          "type": "image",
          "assetId": "L6sLblojoHfp",
          "checksum": "32c8077f4e51da01f37aedbf09154023"
        },
        {
          "type": "image",
          "assetId": "1gdcn7p72opj",
          "checksum": "ff33fb6fd8ddbdaad0224eea44f91f37"
        },
        {
          "type": "image",
          "assetId": "3IVbuwos4qLs",
          "checksum": "523b2b9961e9e4d3d5231938220e511a"
        },
        {
          "type": "image",
          "assetId": "VXM3sqyaSBIq",
          "checksum": "a85f86e6336417637e65d8282010a237"
        },
        {
          "type": "image",
          "assetId": "D_-Gbd7S8iOp",
          "checksum": "c2e82954048987157a477cb14d018176"
        },
        {
          "type": "image",
          "assetId": "e2zlf0Ggvovi",
          "checksum": "c2035e3f60eeffe71e9551c42732d5bf"
        },
        {
          "type": "image",
          "assetId": "DCNWMY-sbMi0",
          "checksum": "efea01cf16fe9e44584b52b801bbec2c"
        },
        {
          "type": "image",
          "assetId": "XzL3UAufEBXm",
          "checksum": "ffd4c8b6720c55268e786729e0fe1ef9"
        },
        {
          "type": "image",
          "assetId": "3V9xcY0H2fV_",
          "checksum": "dc21fb38bb6dd54e9667a5588e3e368b"
        },
        {
          "type": "image",
          "assetId": "k2d1-VH3r5kH",
          "checksum": "9cb2ccd3e348b9eac96510a747886030"
        },
        {
          "type": "image",
          "assetId": "A_CZxQdB0HHP",
          "checksum": "6a19b8f7cae126dc951bd2a8728cb683"
        },
        {
          "type": "image",
          "assetId": "z_zyBSOt3k0k",
          "checksum": "1a085bd7366c17300e4aa65f6cfa5280"
        },
        {
          "type": "image",
          "assetId": "zY15Vgwhc1HM",
          "checksum": "dd2455d3195c37ea3d40aa5b4fb5fa13"
        },
        {
          "type": "image",
          "assetId": "hdfO0zjtxRz3",
          "checksum": "847fed4f4a6513d6afc231615368bca1"
        },
        {
          "type": "image",
          "assetId": "d6rqSUT5t0QR",
          "checksum": "55b85e4a365da36942fd9487139a19ef"
        },
        {
          "type": "image",
          "assetId": "JcAHJP2U5BSy",
          "checksum": "c7759de3161d75db82ef575f0c5220ee"
        },
        {
          "type": "image",
          "assetId": "X2I8Cferb5ht",
          "checksum": "ff17abe220e055336185380a029659cc"
        },
        {
          "type": "image",
          "assetId": "4IpTbNl1KrGk",
          "checksum": "6350d4ca2ba909413c7af1812e30b2b5"
        },
        {
          "type": "image",
          "assetId": "oSgsns6fE379",
          "checksum": "f014618e4a83bc4040ec332a924d5116"
        },
        {
          "type": "image",
          "assetId": "y2Uq6mPXaFd2",
          "checksum": "a6fdc6e7eeea98fa60ecc0c7dda69483"
        }
      ],
      "codegenVersion": "0.0.1"
    }
  ],
  "cliVersion": "0.1.334"
}
